// !$*UTF8*$!
{
	archiveVersion = 1;
	classes = {
	};
	objectVersion = 46;
	objects = {

/* Begin PBXBuildFile section */
		CA7DFD241C7B3FE100DAD5BC /* Experiment.m in Sources */ = {isa = PBXBuildFile; fileRef = CA7DFD231C7B3FE100DAD5BC /* Experiment.m */; };
		CAC424EA1C77633E00FAC9B2 /* main.m in Sources */ = {isa = PBXBuildFile; fileRef = CAC424E91C77633E00FAC9B2 /* main.m */; };
		CAC424ED1C77633E00FAC9B2 /* AppDelegate.m in Sources */ = {isa = PBXBuildFile; fileRef = CAC424EC1C77633E00FAC9B2 /* AppDelegate.m */; };
		CAC424F01C77633E00FAC9B2 /* HomeViewController.m in Sources */ = {isa = PBXBuildFile; fileRef = CAC424EF1C77633E00FAC9B2 /* HomeViewController.m */; };
		CAC424F31C77633E00FAC9B2 /* Main.storyboard in Resources */ = {isa = PBXBuildFile; fileRef = CAC424F11C77633E00FAC9B2 /* Main.storyboard */; };
		CAC424F51C77633E00FAC9B2 /* Assets.xcassets in Resources */ = {isa = PBXBuildFile; fileRef = CAC424F41C77633E00FAC9B2 /* Assets.xcassets */; };
		CAC424F81C77633E00FAC9B2 /* LaunchScreen.storyboard in Resources */ = {isa = PBXBuildFile; fileRef = CAC424F61C77633E00FAC9B2 /* LaunchScreen.storyboard */; };
		CAC425091C77693800FAC9B2 /* QRCodeReaderController.m in Sources */ = {isa = PBXBuildFile; fileRef = CAC425081C77693800FAC9B2 /* QRCodeReaderController.m */; };
		CAC4250C1C776FC300FAC9B2 /* ExperimentSummaryController.m in Sources */ = {isa = PBXBuildFile; fileRef = CAC4250B1C776FC300FAC9B2 /* ExperimentSummaryController.m */; };
/* End PBXBuildFile section */

/* Begin PBXFileReference section */
		CA7DFD221C7B3FE100DAD5BC /* Experiment.h */ = {isa = PBXFileReference; fileEncoding = 4; lastKnownFileType = sourcecode.c.h; path = Experiment.h; sourceTree = "<group>"; };
		CA7DFD231C7B3FE100DAD5BC /* Experiment.m */ = {isa = PBXFileReference; fileEncoding = 4; lastKnownFileType = sourcecode.c.objc; path = Experiment.m; sourceTree = "<group>"; };
		CAC424E51C77633E00FAC9B2 /* ExperimentsiOSApp.app */ = {isa = PBXFileReference; explicitFileType = wrapper.application; includeInIndex = 0; path = ExperimentsiOSApp.app; sourceTree = BUILT_PRODUCTS_DIR; };
		CAC424E91C77633E00FAC9B2 /* main.m */ = {isa = PBXFileReference; lastKnownFileType = sourcecode.c.objc; path = main.m; sourceTree = "<group>"; };
		CAC424EB1C77633E00FAC9B2 /* AppDelegate.h */ = {isa = PBXFileReference; lastKnownFileType = sourcecode.c.h; path = AppDelegate.h; sourceTree = "<group>"; };
		CAC424EC1C77633E00FAC9B2 /* AppDelegate.m */ = {isa = PBXFileReference; lastKnownFileType = sourcecode.c.objc; path = AppDelegate.m; sourceTree = "<group>"; };
		CAC424EE1C77633E00FAC9B2 /* HomeViewController.h */ = {isa = PBXFileReference; lastKnownFileType = sourcecode.c.h; path = HomeViewController.h; sourceTree = "<group>"; };
		CAC424EF1C77633E00FAC9B2 /* HomeViewController.m */ = {isa = PBXFileReference; lastKnownFileType = sourcecode.c.objc; path = HomeViewController.m; sourceTree = "<group>"; };
		CAC424F21C77633E00FAC9B2 /* Base */ = {isa = PBXFileReference; lastKnownFileType = file.storyboard; name = Base; path = Base.lproj/Main.storyboard; sourceTree = "<group>"; };
		CAC424F41C77633E00FAC9B2 /* Assets.xcassets */ = {isa = PBXFileReference; lastKnownFileType = folder.assetcatalog; path = Assets.xcassets; sourceTree = "<group>"; };
		CAC424F71C77633E00FAC9B2 /* Base */ = {isa = PBXFileReference; lastKnownFileType = file.storyboard; name = Base; path = Base.lproj/LaunchScreen.storyboard; sourceTree = "<group>"; };
		CAC424F91C77633E00FAC9B2 /* Info.plist */ = {isa = PBXFileReference; lastKnownFileType = text.plist.xml; path = Info.plist; sourceTree = "<group>"; };
		CAC425071C77693800FAC9B2 /* QRCodeReaderController.h */ = {isa = PBXFileReference; fileEncoding = 4; lastKnownFileType = sourcecode.c.h; path = QRCodeReaderController.h; sourceTree = "<group>"; };
		CAC425081C77693800FAC9B2 /* QRCodeReaderController.m */ = {isa = PBXFileReference; fileEncoding = 4; lastKnownFileType = sourcecode.c.objc; path = QRCodeReaderController.m; sourceTree = "<group>"; };
		CAC4250A1C776FC300FAC9B2 /* ExperimentSummaryController.h */ = {isa = PBXFileReference; fileEncoding = 4; lastKnownFileType = sourcecode.c.h; path = ExperimentSummaryController.h; sourceTree = "<group>"; };
		CAC4250B1C776FC300FAC9B2 /* ExperimentSummaryController.m */ = {isa = PBXFileReference; fileEncoding = 4; lastKnownFileType = sourcecode.c.objc; path = ExperimentSummaryController.m; sourceTree = "<group>"; };
/* End PBXFileReference section */

/* Begin PBXFrameworksBuildPhase section */
		CAC424E21C77633E00FAC9B2 /* Frameworks */ = {
			isa = PBXFrameworksBuildPhase;
			buildActionMask = 2147483647;
			files = (
			);
			runOnlyForDeploymentPostprocessing = 0;
		};
/* End PBXFrameworksBuildPhase section */

/* Begin PBXGroup section */
		CAC424DC1C77633E00FAC9B2 = {
			isa = PBXGroup;
			children = (
				CAC424E71C77633E00FAC9B2 /* ExperimentsiOSApp */,
				CAC424E61C77633E00FAC9B2 /* Products */,
			);
			sourceTree = "<group>";
		};
		CAC424E61C77633E00FAC9B2 /* Products */ = {
			isa = PBXGroup;
			children = (
				CAC424E51C77633E00FAC9B2 /* ExperimentsiOSApp.app */,
			);
			name = Products;
			sourceTree = "<group>";
		};
		CAC424E71C77633E00FAC9B2 /* ExperimentsiOSApp */ = {
			isa = PBXGroup;
			children = (
				CA7DFD221C7B3FE100DAD5BC /* Experiment.h */,
				CA7DFD231C7B3FE100DAD5BC /* Experiment.m */,
				CAC425071C77693800FAC9B2 /* QRCodeReaderController.h */,
				CAC425081C77693800FAC9B2 /* QRCodeReaderController.m */,
				CAC424EB1C77633E00FAC9B2 /* AppDelegate.h */,
				CAC424EC1C77633E00FAC9B2 /* AppDelegate.m */,
				CAC424EE1C77633E00FAC9B2 /* HomeViewController.h */,
				CAC424EF1C77633E00FAC9B2 /* HomeViewController.m */,
				CAC4250A1C776FC300FAC9B2 /* ExperimentSummaryController.h */,
				CAC4250B1C776FC300FAC9B2 /* ExperimentSummaryController.m */,
				CAC424F11C77633E00FAC9B2 /* Main.storyboard */,
				CAC424F41C77633E00FAC9B2 /* Assets.xcassets */,
				CAC424F61C77633E00FAC9B2 /* LaunchScreen.storyboard */,
				CAC424F91C77633E00FAC9B2 /* Info.plist */,
				CAC424E81C77633E00FAC9B2 /* Supporting Files */,
			);
			path = ExperimentsiOSApp;
			sourceTree = "<group>";
		};
		CAC424E81C77633E00FAC9B2 /* Supporting Files */ = {
			isa = PBXGroup;
			children = (
				CAC424E91C77633E00FAC9B2 /* main.m */,
			);
			name = "Supporting Files";
			sourceTree = "<group>";
		};
/* End PBXGroup section */

/* Begin PBXNativeTarget section */
		CAC424E41C77633E00FAC9B2 /* ExperimentsiOSApp */ = {
			isa = PBXNativeTarget;
			buildConfigurationList = CAC424FC1C77633E00FAC9B2 /* Build configuration list for PBXNativeTarget "ExperimentsiOSApp" */;
			buildPhases = (
				CAC424E11C77633E00FAC9B2 /* Sources */,
				CAC424E21C77633E00FAC9B2 /* Frameworks */,
				CAC424E31C77633E00FAC9B2 /* Resources */,
			);
			buildRules = (
			);
			dependencies = (
			);
			name = ExperimentsiOSApp;
			productName = ExperimentsiOSApp;
			productReference = CAC424E51C77633E00FAC9B2 /* ExperimentsiOSApp.app */;
			productType = "com.apple.product-type.application";
		};
/* End PBXNativeTarget section */

/* Begin PBXProject section */
		CAC424DD1C77633E00FAC9B2 /* Project object */ = {
			isa = PBXProject;
			attributes = {
				LastUpgradeCheck = 0720;
				ORGANIZATIONNAME = "Matthew Jones";
				TargetAttributes = {
					CAC424E41C77633E00FAC9B2 = {
						CreatedOnToolsVersion = 7.2;
					};
				};
			};
			buildConfigurationList = CAC424E01C77633E00FAC9B2 /* Build configuration list for PBXProject "ExperimentsiOSApp" */;
			compatibilityVersion = "Xcode 3.2";
			developmentRegion = English;
			hasScannedForEncodings = 0;
			knownRegions = (
				en,
				Base,
			);
			mainGroup = CAC424DC1C77633E00FAC9B2;
			productRefGroup = CAC424E61C77633E00FAC9B2 /* Products */;
			projectDirPath = "";
			projectRoot = "";
			targets = (
				CAC424E41C77633E00FAC9B2 /* ExperimentsiOSApp */,
			);
		};
/* End PBXProject section */

/* Begin PBXResourcesBuildPhase section */
		CAC424E31C77633E00FAC9B2 /* Resources */ = {
			isa = PBXResourcesBuildPhase;
			buildActionMask = 2147483647;
			files = (
				CAC424F81C77633E00FAC9B2 /* LaunchScreen.storyboard in Resources */,
				CAC424F51C77633E00FAC9B2 /* Assets.xcassets in Resources */,
				CAC424F31C77633E00FAC9B2 /* Main.storyboard in Resources */,
			);
			runOnlyForDeploymentPostprocessing = 0;
		};
/* End PBXResourcesBuildPhase section */

/* Begin PBXSourcesBuildPhase section */
		CAC424E11C77633E00FAC9B2 /* Sources */ = {
			isa = PBXSourcesBuildPhase;
			buildActionMask = 2147483647;
			files = (
				CA7DFD241C7B3FE100DAD5BC /* Experiment.m in Sources */,
				CAC425091C77693800FAC9B2 /* QRCodeReaderController.m in Sources */,
				CAC424F01C77633E00FAC9B2 /* HomeViewController.m in Sources */,
				CAC4250C1C776FC300FAC9B2 /* ExperimentSummaryController.m in Sources */,
				CAC424ED1C77633E00FAC9B2 /* AppDelegate.m in Sources */,
				CAC424EA1C77633E00FAC9B2 /* main.m in Sources */,
			);
			runOnlyForDeploymentPostprocessing = 0;
		};
/* End PBXSourcesBuildPhase section */

/* Begin PBXVariantGroup section */
		CAC424F11C77633E00FAC9B2 /* Main.storyboard */ = {
			isa = PBXVariantGroup;
			children = (
				CAC424F21C77633E00FAC9B2 /* Base */,
			);
			name = Main.storyboard;
			sourceTree = "<group>";
		};
		CAC424F61C77633E00FAC9B2 /* LaunchScreen.storyboard */ = {
			isa = PBXVariantGroup;
			children = (
				CAC424F71C77633E00FAC9B2 /* Base */,
			);
			name = LaunchScreen.storyboard;
			sourceTree = "<group>";
		};
/* End PBXVariantGroup section */

/* Begin XCBuildConfiguration section */
		CAC424FA1C77633E00FAC9B2 /* Debug */ = {
			isa = XCBuildConfiguration;
			buildSettings = {
				ALWAYS_SEARCH_USER_PATHS = NO;
				CLANG_CXX_LANGUAGE_STANDARD = "gnu++0x";
				CLANG_CXX_LIBRARY = "libc++";
				CLANG_ENABLE_MODULES = YES;
				CLANG_ENABLE_OBJC_ARC = YES;
				CLANG_WARN_BOOL_CONVERSION = YES;
				CLANG_WARN_CONSTANT_CONVERSION = YES;
				CLANG_WARN_DIRECT_OBJC_ISA_USAGE = YES_ERROR;
				CLANG_WARN_EMPTY_BODY = YES;
				CLANG_WARN_ENUM_CONVERSION = YES;
				CLANG_WARN_INT_CONVERSION = YES;
				CLANG_WARN_OBJC_ROOT_CLASS = YES_ERROR;
				CLANG_WARN_UNREACHABLE_CODE = YES;
				CLANG_WARN__DUPLICATE_METHOD_MATCH = YES;
				"CODE_SIGN_IDENTITY[sdk=iphoneos*]" = "iPhone Developer";
				COPY_PHASE_STRIP = NO;
				DEBUG_INFORMATION_FORMAT = dwarf;
				ENABLE_STRICT_OBJC_MSGSEND = YES;
				ENABLE_TESTABILITY = YES;
				GCC_C_LANGUAGE_STANDARD = gnu99;
				GCC_DYNAMIC_NO_PIC = NO;
				GCC_NO_COMMON_BLOCKS = YES;
				GCC_OPTIMIZATION_LEVEL = 0;
				GCC_PREPROCESSOR_DEFINITIONS = (
					"DEBUG=1",
					"$(inherited)",
				);
				GCC_WARN_64_TO_32_BIT_CONVERSION = YES;
				GCC_WARN_ABOUT_RETURN_TYPE = YES_ERROR;
				GCC_WARN_UNDECLARED_SELECTOR = YES;
				GCC_WARN_UNINITIALIZED_AUTOS = YES_AGGRESSIVE;
				GCC_WARN_UNUSED_FUNCTION = YES;
				GCC_WARN_UNUSED_VARIABLE = YES;
				IPHONEOS_DEPLOYMENT_TARGET = 9.2;
				MTL_ENABLE_DEBUG_INFO = YES;
				ONLY_ACTIVE_ARCH = YES;
				SDKROOT = iphoneos;
				TARGETED_DEVICE_FAMILY = "1,2";
			};
			name = Debug;
		};
		CAC424FB1C77633E00FAC9B2 /* Release */ = {
			isa = XCBuildConfiguration;
			buildSettings = {
				ALWAYS_SEARCH_USER_PATHS = NO;
				CLANG_CXX_LANGUAGE_STANDARD = "gnu++0x";
				CLANG_CXX_LIBRARY = "libc++";
				CLANG_ENABLE_MODULES = YES;
				CLANG_ENABLE_OBJC_ARC = YES;
				CLANG_WARN_BOOL_CONVERSION = YES;
				CLANG_WARN_CONSTANT_CONVERSION = YES;
				CLANG_WARN_DIRECT_OBJC_ISA_USAGE = YES_ERROR;
				CLANG_WARN_EMPTY_BODY = YES;
				CLANG_WARN_ENUM_CONVERSION = YES;
				CLANG_WARN_INT_CONVERSION = YES;
				CLANG_WARN_OBJC_ROOT_CLASS = YES_ERROR;
				CLANG_WARN_UNREACHABLE_CODE = YES;
				CLANG_WARN__DUPLICATE_METHOD_MATCH = YES;
				"CODE_SIGN_IDENTITY[sdk=iphoneos*]" = "iPhone Developer";
				COPY_PHASE_STRIP = NO;
				DEBUG_INFORMATION_FORMAT = "dwarf-with-dsym";
				ENABLE_NS_ASSERTIONS = NO;
				ENABLE_STRICT_OBJC_MSGSEND = YES;
				GCC_C_LANGUAGE_STANDARD = gnu99;
				GCC_NO_COMMON_BLOCKS = YES;
				GCC_WARN_64_TO_32_BIT_CONVERSION = YES;
				GCC_WARN_ABOUT_RETURN_TYPE = YES_ERROR;
				GCC_WARN_UNDECLARED_SELECTOR = YES;
				GCC_WARN_UNINITIALIZED_AUTOS = YES_AGGRESSIVE;
				GCC_WARN_UNUSED_FUNCTION = YES;
				GCC_WARN_UNUSED_VARIABLE = YES;
				IPHONEOS_DEPLOYMENT_TARGET = 9.2;
				MTL_ENABLE_DEBUG_INFO = NO;
				SDKROOT = iphoneos;
				TARGETED_DEVICE_FAMILY = "1,2";
				VALIDATE_PRODUCT = YES;
			};
			name = Release;
		};
		CAC424FD1C77633E00FAC9B2 /* Debug */ = {
			isa = XCBuildConfiguration;
			buildSettings = {
				ASSETCATALOG_COMPILER_APPICON_NAME = AppIcon;
				INFOPLIST_FILE = ExperimentsiOSApp/Info.plist;
				LD_RUNPATH_SEARCH_PATHS = "$(inherited) @executable_path/Frameworks";
				PRODUCT_BUNDLE_IDENTIFIER = com.mrhysjones.ExperimentsiOSApp;
				PRODUCT_NAME = "$(TARGET_NAME)";
			};
			name = Debug;
		};
		CAC424FE1C77633E00FAC9B2 /* Release */ = {
			isa = XCBuildConfiguration;
			buildSettings = {
				ASSETCATALOG_COMPILER_APPICON_NAME = AppIcon;
				INFOPLIST_FILE = ExperimentsiOSApp/Info.plist;
				LD_RUNPATH_SEARCH_PATHS = "$(inherited) @executable_path/Frameworks";
				PRODUCT_BUNDLE_IDENTIFIER = com.mrhysjones.ExperimentsiOSApp;
				PRODUCT_NAME = "$(TARGET_NAME)";
			};
			name = Release;
		};
/* End XCBuildConfiguration section */

/* Begin XCConfigurationList section */
		CAC424E01C77633E00FAC9B2 /* Build configuration list for PBXProject "ExperimentsiOSApp" */ = {
			isa = XCConfigurationList;
			buildConfigurations = (
				CAC424FA1C77633E00FAC9B2 /* Debug */,
				CAC424FB1C77633E00FAC9B2 /* Release */,
			);
			defaultConfigurationIsVisible = 0;
			defaultConfigurationName = Release;
		};
		CAC424FC1C77633E00FAC9B2 /* Build configuration list for PBXNativeTarget "ExperimentsiOSApp" */ = {
			isa = XCConfigurationList;
			buildConfigurations = (
				CAC424FD1C77633E00FAC9B2 /* Debug */,
				CAC424FE1C77633E00FAC9B2 /* Release */,
			);
			defaultConfigurationIsVisible = 0;
			defaultConfigurationName = Release;
		};
/* End XCConfigurationList section */
	};
	rootObject = CAC424DD1C77633E00FAC9B2 /* Project object */;
}
