// !$*UTF8*$!
{
	archiveVersion = 1;
	classes = {
	};
	objectVersion = 46;
	objects = {

/* Begin PBXBuildFile section */
		CA7DFD241C7B3FE100DAD5BC /* Experiment.m in Sources */ = {isa = PBXBuildFile; fileRef = CA7DFD231C7B3FE100DAD5BC /* Experiment.m */; };
		CA8D64391C7E2C05004B6D80 /* CLM.cc in Sources */ = {isa = PBXBuildFile; fileRef = CA8D64291C7E2C04004B6D80 /* CLM.cc */; };
		CA8D643A1C7E2C05004B6D80 /* FCheck.cc in Sources */ = {isa = PBXBuildFile; fileRef = CA8D642B1C7E2C04004B6D80 /* FCheck.cc */; };
		CA8D643B1C7E2C05004B6D80 /* FDet.cc in Sources */ = {isa = PBXBuildFile; fileRef = CA8D642D1C7E2C04004B6D80 /* FDet.cc */; };
		CA8D643C1C7E2C05004B6D80 /* IO.cc in Sources */ = {isa = PBXBuildFile; fileRef = CA8D642F1C7E2C04004B6D80 /* IO.cc */; };
		CA8D643D1C7E2C05004B6D80 /* Patch.cc in Sources */ = {isa = PBXBuildFile; fileRef = CA8D64311C7E2C04004B6D80 /* Patch.cc */; };
		CA8D643E1C7E2C05004B6D80 /* PAW.cc in Sources */ = {isa = PBXBuildFile; fileRef = CA8D64331C7E2C04004B6D80 /* PAW.cc */; };
		CA8D643F1C7E2C05004B6D80 /* PDM.cc in Sources */ = {isa = PBXBuildFile; fileRef = CA8D64351C7E2C04004B6D80 /* PDM.cc */; };
		CA8D64401C7E2C05004B6D80 /* Tracker.cc in Sources */ = {isa = PBXBuildFile; fileRef = CA8D64371C7E2C04004B6D80 /* Tracker.cc */; };
		CA8D64431C7E2C1A004B6D80 /* emotions.train.pca.model in Resources */ = {isa = PBXBuildFile; fileRef = CA8D64411C7E2C1A004B6D80 /* emotions.train.pca.model */; };
		CA8D64441C7E2C1A004B6D80 /* emotions.train.pca.range in Resources */ = {isa = PBXBuildFile; fileRef = CA8D64421C7E2C1A004B6D80 /* emotions.train.pca.range */; };
		CA8D64491C7E2C76004B6D80 /* face.con in Resources */ = {isa = PBXBuildFile; fileRef = CA8D64451C7E2C76004B6D80 /* face.con */; };
		CA8D644A1C7E2C76004B6D80 /* face.tracker in Resources */ = {isa = PBXBuildFile; fileRef = CA8D64461C7E2C76004B6D80 /* face.tracker */; };
		CA8D644B1C7E2C76004B6D80 /* face.tri in Resources */ = {isa = PBXBuildFile; fileRef = CA8D64471C7E2C76004B6D80 /* face.tri */; };
		CA8D644C1C7E2C76004B6D80 /* face2.tracker in Resources */ = {isa = PBXBuildFile; fileRef = CA8D64481C7E2C76004B6D80 /* face2.tracker */; };
		CA8D644F1C7E2C87004B6D80 /* svm.cpp in Sources */ = {isa = PBXBuildFile; fileRef = CA8D644D1C7E2C87004B6D80 /* svm.cpp */; };
		CA8D64541C7E2CCE004B6D80 /* svmWrapper.mm in Sources */ = {isa = PBXBuildFile; fileRef = CA8D64511C7E2CCE004B6D80 /* svmWrapper.mm */; };
		CA8D64551C7E2CCE004B6D80 /* trackerWrapper.mm in Sources */ = {isa = PBXBuildFile; fileRef = CA8D64531C7E2CCE004B6D80 /* trackerWrapper.mm */; };
		CA8D64581C7E2D13004B6D80 /* imageConversion.mm in Sources */ = {isa = PBXBuildFile; fileRef = CA8D64571C7E2D13004B6D80 /* imageConversion.mm */; };
		CA8D645A1C7E2D36004B6D80 /* opencv2.framework in Frameworks */ = {isa = PBXBuildFile; fileRef = CA8D64591C7E2D36004B6D80 /* opencv2.framework */; };
		CA8D645E1C7E2DC8004B6D80 /* Accelerate.framework in Frameworks */ = {isa = PBXBuildFile; fileRef = CA8D645D1C7E2DC8004B6D80 /* Accelerate.framework */; };
		CA8D64601C7E2DCF004B6D80 /* UIKit.framework in Frameworks */ = {isa = PBXBuildFile; fileRef = CA8D645F1C7E2DCF004B6D80 /* UIKit.framework */; };
		CA8D64621C7E2DD5004B6D80 /* ImageIO.framework in Frameworks */ = {isa = PBXBuildFile; fileRef = CA8D64611C7E2DD5004B6D80 /* ImageIO.framework */; };
		CA8D64641C7E2DDE004B6D80 /* CoreGraphics.framework in Frameworks */ = {isa = PBXBuildFile; fileRef = CA8D64631C7E2DDE004B6D80 /* CoreGraphics.framework */; };
		CA8D64661C7E2DE7004B6D80 /* Foundation.framework in Frameworks */ = {isa = PBXBuildFile; fileRef = CA8D64651C7E2DE7004B6D80 /* Foundation.framework */; };
		CA8D64681C7E2DEC004B6D80 /* AssetsLibrary.framework in Frameworks */ = {isa = PBXBuildFile; fileRef = CA8D64671C7E2DEC004B6D80 /* AssetsLibrary.framework */; };
		CA8D646A1C7E2DF2004B6D80 /* AVFoundation.framework in Frameworks */ = {isa = PBXBuildFile; fileRef = CA8D64691C7E2DF2004B6D80 /* AVFoundation.framework */; };
		CA8D646C1C7E2DF9004B6D80 /* CoreImage.framework in Frameworks */ = {isa = PBXBuildFile; fileRef = CA8D646B1C7E2DF9004B6D80 /* CoreImage.framework */; };
		CA8D646E1C7E2DFF004B6D80 /* CoreVideo.framework in Frameworks */ = {isa = PBXBuildFile; fileRef = CA8D646D1C7E2DFF004B6D80 /* CoreVideo.framework */; };
		CA8D64701C7E2E06004B6D80 /* CoreMedia.framework in Frameworks */ = {isa = PBXBuildFile; fileRef = CA8D646F1C7E2E06004B6D80 /* CoreMedia.framework */; };
		CA8D64721C7E2E0C004B6D80 /* QuartzCore.framework in Frameworks */ = {isa = PBXBuildFile; fileRef = CA8D64711C7E2E0C004B6D80 /* QuartzCore.framework */; };
		CA8D64781C7E2FBD004B6D80 /* TrackingPreviewViewController.m in Sources */ = {isa = PBXBuildFile; fileRef = CA8D64771C7E2FBD004B6D80 /* TrackingPreviewViewController.m */; };
		CAC424EA1C77633E00FAC9B2 /* main.m in Sources */ = {isa = PBXBuildFile; fileRef = CAC424E91C77633E00FAC9B2 /* main.m */; };
		CAC424ED1C77633E00FAC9B2 /* AppDelegate.m in Sources */ = {isa = PBXBuildFile; fileRef = CAC424EC1C77633E00FAC9B2 /* AppDelegate.m */; };
		CAC424F01C77633E00FAC9B2 /* HomeViewController.m in Sources */ = {isa = PBXBuildFile; fileRef = CAC424EF1C77633E00FAC9B2 /* HomeViewController.m */; };
		CAC424F51C77633E00FAC9B2 /* Assets.xcassets in Resources */ = {isa = PBXBuildFile; fileRef = CAC424F41C77633E00FAC9B2 /* Assets.xcassets */; };
		CAC424F81C77633E00FAC9B2 /* LaunchScreen.storyboard in Resources */ = {isa = PBXBuildFile; fileRef = CAC424F61C77633E00FAC9B2 /* LaunchScreen.storyboard */; };
		CAC425091C77693800FAC9B2 /* QRCodeReaderController.m in Sources */ = {isa = PBXBuildFile; fileRef = CAC425081C77693800FAC9B2 /* QRCodeReaderController.m */; };
		CAC4250C1C776FC300FAC9B2 /* ExperimentSummaryController.m in Sources */ = {isa = PBXBuildFile; fileRef = CAC4250B1C776FC300FAC9B2 /* ExperimentSummaryController.m */; };
		CACF56F71C7F125B0083C0B1 /* Main.storyboard in Resources */ = {isa = PBXBuildFile; fileRef = CACF56F51C7F125B0083C0B1 /* Main.storyboard */; };
		CACF56FB1C7F54330083C0B1 /* Assets.bundle in Resources */ = {isa = PBXBuildFile; fileRef = CACF56F81C7F54330083C0B1 /* Assets.bundle */; };
		CACF56FC1C7F54330083C0B1 /* YTPlayerView.m in Sources */ = {isa = PBXBuildFile; fileRef = CACF56FA1C7F54330083C0B1 /* YTPlayerView.m */; };
		CACF57001C7F54DC0083C0B1 /* ExperimentItemViewController.m in Sources */ = {isa = PBXBuildFile; fileRef = CACF56FF1C7F54DC0083C0B1 /* ExperimentItemViewController.m */; };
		CACF57061C7F5D140083C0B1 /* Fabric.framework in Frameworks */ = {isa = PBXBuildFile; fileRef = CACF57021C7F5D140083C0B1 /* Fabric.framework */; };
		CACF57071C7F5D140083C0B1 /* TwitterKit.framework in Frameworks */ = {isa = PBXBuildFile; fileRef = CACF57031C7F5D140083C0B1 /* TwitterKit.framework */; };
		CACF57081C7F5D140083C0B1 /* TwitterKitResources.bundle in Resources */ = {isa = PBXBuildFile; fileRef = CACF57041C7F5D140083C0B1 /* TwitterKitResources.bundle */; };
		CACF57091C7F5D140083C0B1 /* TwitterCore.framework in Frameworks */ = {isa = PBXBuildFile; fileRef = CACF57051C7F5D140083C0B1 /* TwitterCore.framework */; };
		CACF570F1C7F5E850083C0B1 /* libc++.tbd in Frameworks */ = {isa = PBXBuildFile; fileRef = CACF570E1C7F5E850083C0B1 /* libc++.tbd */; };
		CACF57111C7F5E910083C0B1 /* libz.tbd in Frameworks */ = {isa = PBXBuildFile; fileRef = CACF57101C7F5E910083C0B1 /* libz.tbd */; };
		CACF57131C7F5EC70083C0B1 /* Security.framework in Frameworks */ = {isa = PBXBuildFile; fileRef = CACF57121C7F5EC70083C0B1 /* Security.framework */; };
		CACF57151C7F5EDF0083C0B1 /* SystemConfiguration.framework in Frameworks */ = {isa = PBXBuildFile; fileRef = CACF57141C7F5EDF0083C0B1 /* SystemConfiguration.framework */; };
		CACF57191C7F5F240083C0B1 /* CoreData.framework in Frameworks */ = {isa = PBXBuildFile; fileRef = CACF57181C7F5F240083C0B1 /* CoreData.framework */; };
		CACF571B1C7F5F4E0083C0B1 /* Social.framework in Frameworks */ = {isa = PBXBuildFile; fileRef = CACF571A1C7F5F4E0083C0B1 /* Social.framework */; };
		CACF571D1C7F5F530083C0B1 /* Accounts.framework in Frameworks */ = {isa = PBXBuildFile; fileRef = CACF571C1C7F5F530083C0B1 /* Accounts.framework */; };
		CACF57221C7F61480083C0B1 /* CoreText.framework in Frameworks */ = {isa = PBXBuildFile; fileRef = CACF57211C7F61480083C0B1 /* CoreText.framework */; };
/* End PBXBuildFile section */

/* Begin PBXFileReference section */
		CA7DFD221C7B3FE100DAD5BC /* Experiment.h */ = {isa = PBXFileReference; fileEncoding = 4; lastKnownFileType = sourcecode.c.h; path = Experiment.h; sourceTree = "<group>"; };
		CA7DFD231C7B3FE100DAD5BC /* Experiment.m */ = {isa = PBXFileReference; fileEncoding = 4; lastKnownFileType = sourcecode.c.objc; path = Experiment.m; sourceTree = "<group>"; };
		CA8D64291C7E2C04004B6D80 /* CLM.cc */ = {isa = PBXFileReference; fileEncoding = 4; lastKnownFileType = sourcecode.cpp.cpp; name = CLM.cc; path = FaceTrackerLibrary/CLM.cc; sourceTree = SOURCE_ROOT; };
		CA8D642A1C7E2C04004B6D80 /* CLM.h */ = {isa = PBXFileReference; fileEncoding = 4; lastKnownFileType = sourcecode.c.h; name = CLM.h; path = FaceTrackerLibrary/CLM.h; sourceTree = SOURCE_ROOT; };
		CA8D642B1C7E2C04004B6D80 /* FCheck.cc */ = {isa = PBXFileReference; fileEncoding = 4; lastKnownFileType = sourcecode.cpp.cpp; name = FCheck.cc; path = FaceTrackerLibrary/FCheck.cc; sourceTree = SOURCE_ROOT; };
		CA8D642C1C7E2C04004B6D80 /* FCheck.h */ = {isa = PBXFileReference; fileEncoding = 4; lastKnownFileType = sourcecode.c.h; name = FCheck.h; path = FaceTrackerLibrary/FCheck.h; sourceTree = SOURCE_ROOT; };
		CA8D642D1C7E2C04004B6D80 /* FDet.cc */ = {isa = PBXFileReference; fileEncoding = 4; lastKnownFileType = sourcecode.cpp.cpp; name = FDet.cc; path = FaceTrackerLibrary/FDet.cc; sourceTree = SOURCE_ROOT; };
		CA8D642E1C7E2C04004B6D80 /* FDet.h */ = {isa = PBXFileReference; fileEncoding = 4; lastKnownFileType = sourcecode.c.h; name = FDet.h; path = FaceTrackerLibrary/FDet.h; sourceTree = SOURCE_ROOT; };
		CA8D642F1C7E2C04004B6D80 /* IO.cc */ = {isa = PBXFileReference; fileEncoding = 4; lastKnownFileType = sourcecode.cpp.cpp; name = IO.cc; path = FaceTrackerLibrary/IO.cc; sourceTree = SOURCE_ROOT; };
		CA8D64301C7E2C04004B6D80 /* IO.h */ = {isa = PBXFileReference; fileEncoding = 4; lastKnownFileType = sourcecode.c.h; name = IO.h; path = FaceTrackerLibrary/IO.h; sourceTree = SOURCE_ROOT; };
		CA8D64311C7E2C04004B6D80 /* Patch.cc */ = {isa = PBXFileReference; fileEncoding = 4; lastKnownFileType = sourcecode.cpp.cpp; name = Patch.cc; path = FaceTrackerLibrary/Patch.cc; sourceTree = SOURCE_ROOT; };
		CA8D64321C7E2C04004B6D80 /* Patch.h */ = {isa = PBXFileReference; fileEncoding = 4; lastKnownFileType = sourcecode.c.h; name = Patch.h; path = FaceTrackerLibrary/Patch.h; sourceTree = SOURCE_ROOT; };
		CA8D64331C7E2C04004B6D80 /* PAW.cc */ = {isa = PBXFileReference; fileEncoding = 4; lastKnownFileType = sourcecode.cpp.cpp; name = PAW.cc; path = FaceTrackerLibrary/PAW.cc; sourceTree = SOURCE_ROOT; };
		CA8D64341C7E2C04004B6D80 /* PAW.h */ = {isa = PBXFileReference; fileEncoding = 4; lastKnownFileType = sourcecode.c.h; name = PAW.h; path = FaceTrackerLibrary/PAW.h; sourceTree = SOURCE_ROOT; };
		CA8D64351C7E2C04004B6D80 /* PDM.cc */ = {isa = PBXFileReference; fileEncoding = 4; lastKnownFileType = sourcecode.cpp.cpp; name = PDM.cc; path = FaceTrackerLibrary/PDM.cc; sourceTree = SOURCE_ROOT; };
		CA8D64361C7E2C04004B6D80 /* PDM.h */ = {isa = PBXFileReference; fileEncoding = 4; lastKnownFileType = sourcecode.c.h; name = PDM.h; path = FaceTrackerLibrary/PDM.h; sourceTree = SOURCE_ROOT; };
		CA8D64371C7E2C04004B6D80 /* Tracker.cc */ = {isa = PBXFileReference; fileEncoding = 4; lastKnownFileType = sourcecode.cpp.cpp; name = Tracker.cc; path = FaceTrackerLibrary/Tracker.cc; sourceTree = SOURCE_ROOT; };
		CA8D64381C7E2C04004B6D80 /* Tracker.h */ = {isa = PBXFileReference; fileEncoding = 4; lastKnownFileType = sourcecode.c.h; name = Tracker.h; path = FaceTrackerLibrary/Tracker.h; sourceTree = SOURCE_ROOT; };
		CA8D64411C7E2C1A004B6D80 /* emotions.train.pca.model */ = {isa = PBXFileReference; fileEncoding = 4; lastKnownFileType = text; path = emotions.train.pca.model; sourceTree = SOURCE_ROOT; };
		CA8D64421C7E2C1A004B6D80 /* emotions.train.pca.range */ = {isa = PBXFileReference; fileEncoding = 4; lastKnownFileType = text; path = emotions.train.pca.range; sourceTree = SOURCE_ROOT; };
		CA8D64451C7E2C76004B6D80 /* face.con */ = {isa = PBXFileReference; fileEncoding = 4; lastKnownFileType = text; name = face.con; path = Model/face.con; sourceTree = SOURCE_ROOT; };
		CA8D64461C7E2C76004B6D80 /* face.tracker */ = {isa = PBXFileReference; fileEncoding = 4; lastKnownFileType = text; name = face.tracker; path = Model/face.tracker; sourceTree = SOURCE_ROOT; };
		CA8D64471C7E2C76004B6D80 /* face.tri */ = {isa = PBXFileReference; fileEncoding = 4; lastKnownFileType = text; name = face.tri; path = Model/face.tri; sourceTree = SOURCE_ROOT; };
		CA8D64481C7E2C76004B6D80 /* face2.tracker */ = {isa = PBXFileReference; fileEncoding = 4; lastKnownFileType = text; name = face2.tracker; path = Model/face2.tracker; sourceTree = SOURCE_ROOT; };
		CA8D644D1C7E2C87004B6D80 /* svm.cpp */ = {isa = PBXFileReference; fileEncoding = 4; lastKnownFileType = sourcecode.cpp.cpp; path = svm.cpp; sourceTree = SOURCE_ROOT; };
		CA8D644E1C7E2C87004B6D80 /* svm.h */ = {isa = PBXFileReference; fileEncoding = 4; lastKnownFileType = sourcecode.c.h; path = svm.h; sourceTree = SOURCE_ROOT; };
		CA8D64501C7E2CCE004B6D80 /* svmWrapper.h */ = {isa = PBXFileReference; fileEncoding = 4; lastKnownFileType = sourcecode.c.h; path = svmWrapper.h; sourceTree = SOURCE_ROOT; };
		CA8D64511C7E2CCE004B6D80 /* svmWrapper.mm */ = {isa = PBXFileReference; fileEncoding = 4; lastKnownFileType = sourcecode.cpp.objcpp; path = svmWrapper.mm; sourceTree = SOURCE_ROOT; };
		CA8D64521C7E2CCE004B6D80 /* trackerWrapper.h */ = {isa = PBXFileReference; fileEncoding = 4; lastKnownFileType = sourcecode.c.h; path = trackerWrapper.h; sourceTree = SOURCE_ROOT; };
		CA8D64531C7E2CCE004B6D80 /* trackerWrapper.mm */ = {isa = PBXFileReference; fileEncoding = 4; lastKnownFileType = sourcecode.cpp.objcpp; path = trackerWrapper.mm; sourceTree = SOURCE_ROOT; };
		CA8D64561C7E2D13004B6D80 /* imageConversion.h */ = {isa = PBXFileReference; fileEncoding = 4; lastKnownFileType = sourcecode.c.h; path = imageConversion.h; sourceTree = SOURCE_ROOT; };
		CA8D64571C7E2D13004B6D80 /* imageConversion.mm */ = {isa = PBXFileReference; fileEncoding = 4; lastKnownFileType = sourcecode.cpp.objcpp; path = imageConversion.mm; sourceTree = SOURCE_ROOT; };
		CA8D64591C7E2D36004B6D80 /* opencv2.framework */ = {isa = PBXFileReference; lastKnownFileType = wrapper.framework; name = opencv2.framework; path = ../opencv2.framework; sourceTree = "<group>"; };
		CA8D645D1C7E2DC8004B6D80 /* Accelerate.framework */ = {isa = PBXFileReference; lastKnownFileType = wrapper.framework; name = Accelerate.framework; path = System/Library/Frameworks/Accelerate.framework; sourceTree = SDKROOT; };
		CA8D645F1C7E2DCF004B6D80 /* UIKit.framework */ = {isa = PBXFileReference; lastKnownFileType = wrapper.framework; name = UIKit.framework; path = System/Library/Frameworks/UIKit.framework; sourceTree = SDKROOT; };
		CA8D64611C7E2DD5004B6D80 /* ImageIO.framework */ = {isa = PBXFileReference; lastKnownFileType = wrapper.framework; name = ImageIO.framework; path = System/Library/Frameworks/ImageIO.framework; sourceTree = SDKROOT; };
		CA8D64631C7E2DDE004B6D80 /* CoreGraphics.framework */ = {isa = PBXFileReference; lastKnownFileType = wrapper.framework; name = CoreGraphics.framework; path = System/Library/Frameworks/CoreGraphics.framework; sourceTree = SDKROOT; };
		CA8D64651C7E2DE7004B6D80 /* Foundation.framework */ = {isa = PBXFileReference; lastKnownFileType = wrapper.framework; name = Foundation.framework; path = System/Library/Frameworks/Foundation.framework; sourceTree = SDKROOT; };
		CA8D64671C7E2DEC004B6D80 /* AssetsLibrary.framework */ = {isa = PBXFileReference; lastKnownFileType = wrapper.framework; name = AssetsLibrary.framework; path = System/Library/Frameworks/AssetsLibrary.framework; sourceTree = SDKROOT; };
		CA8D64691C7E2DF2004B6D80 /* AVFoundation.framework */ = {isa = PBXFileReference; lastKnownFileType = wrapper.framework; name = AVFoundation.framework; path = System/Library/Frameworks/AVFoundation.framework; sourceTree = SDKROOT; };
		CA8D646B1C7E2DF9004B6D80 /* CoreImage.framework */ = {isa = PBXFileReference; lastKnownFileType = wrapper.framework; name = CoreImage.framework; path = System/Library/Frameworks/CoreImage.framework; sourceTree = SDKROOT; };
		CA8D646D1C7E2DFF004B6D80 /* CoreVideo.framework */ = {isa = PBXFileReference; lastKnownFileType = wrapper.framework; name = CoreVideo.framework; path = System/Library/Frameworks/CoreVideo.framework; sourceTree = SDKROOT; };
		CA8D646F1C7E2E06004B6D80 /* CoreMedia.framework */ = {isa = PBXFileReference; lastKnownFileType = wrapper.framework; name = CoreMedia.framework; path = System/Library/Frameworks/CoreMedia.framework; sourceTree = SDKROOT; };
		CA8D64711C7E2E0C004B6D80 /* QuartzCore.framework */ = {isa = PBXFileReference; lastKnownFileType = wrapper.framework; name = QuartzCore.framework; path = System/Library/Frameworks/QuartzCore.framework; sourceTree = SDKROOT; };
		CA8D64761C7E2FBD004B6D80 /* TrackingPreviewViewController.h */ = {isa = PBXFileReference; fileEncoding = 4; lastKnownFileType = sourcecode.c.h; path = TrackingPreviewViewController.h; sourceTree = "<group>"; };
		CA8D64771C7E2FBD004B6D80 /* TrackingPreviewViewController.m */ = {isa = PBXFileReference; fileEncoding = 4; lastKnownFileType = sourcecode.c.objc; path = TrackingPreviewViewController.m; sourceTree = "<group>"; };
		CAC424E51C77633E00FAC9B2 /* EmotiveWeb.app */ = {isa = PBXFileReference; explicitFileType = wrapper.application; includeInIndex = 0; path = EmotiveWeb.app; sourceTree = BUILT_PRODUCTS_DIR; };
		CAC424E91C77633E00FAC9B2 /* main.m */ = {isa = PBXFileReference; lastKnownFileType = sourcecode.c.objc; path = main.m; sourceTree = "<group>"; };
		CAC424EB1C77633E00FAC9B2 /* AppDelegate.h */ = {isa = PBXFileReference; lastKnownFileType = sourcecode.c.h; path = AppDelegate.h; sourceTree = "<group>"; };
		CAC424EC1C77633E00FAC9B2 /* AppDelegate.m */ = {isa = PBXFileReference; lastKnownFileType = sourcecode.c.objc; path = AppDelegate.m; sourceTree = "<group>"; };
		CAC424EE1C77633E00FAC9B2 /* HomeViewController.h */ = {isa = PBXFileReference; lastKnownFileType = sourcecode.c.h; path = HomeViewController.h; sourceTree = "<group>"; };
		CAC424EF1C77633E00FAC9B2 /* HomeViewController.m */ = {isa = PBXFileReference; lastKnownFileType = sourcecode.c.objc; path = HomeViewController.m; sourceTree = "<group>"; };
		CAC424F41C77633E00FAC9B2 /* Assets.xcassets */ = {isa = PBXFileReference; lastKnownFileType = folder.assetcatalog; path = Assets.xcassets; sourceTree = "<group>"; };
		CAC424F71C77633E00FAC9B2 /* Base */ = {isa = PBXFileReference; lastKnownFileType = file.storyboard; name = Base; path = Base.lproj/LaunchScreen.storyboard; sourceTree = "<group>"; };
		CAC424F91C77633E00FAC9B2 /* Info.plist */ = {isa = PBXFileReference; lastKnownFileType = text.plist.xml; path = Info.plist; sourceTree = "<group>"; };
		CAC425071C77693800FAC9B2 /* QRCodeReaderController.h */ = {isa = PBXFileReference; fileEncoding = 4; lastKnownFileType = sourcecode.c.h; path = QRCodeReaderController.h; sourceTree = "<group>"; };
		CAC425081C77693800FAC9B2 /* QRCodeReaderController.m */ = {isa = PBXFileReference; fileEncoding = 4; lastKnownFileType = sourcecode.c.objc; path = QRCodeReaderController.m; sourceTree = "<group>"; };
		CAC4250A1C776FC300FAC9B2 /* ExperimentSummaryController.h */ = {isa = PBXFileReference; fileEncoding = 4; lastKnownFileType = sourcecode.c.h; path = ExperimentSummaryController.h; sourceTree = "<group>"; };
		CAC4250B1C776FC300FAC9B2 /* ExperimentSummaryController.m */ = {isa = PBXFileReference; fileEncoding = 4; lastKnownFileType = sourcecode.c.objc; path = ExperimentSummaryController.m; sourceTree = "<group>"; };
		CACF56F61C7F125B0083C0B1 /* Base */ = {isa = PBXFileReference; lastKnownFileType = file.storyboard; name = Base; path = ExperimentsiOSApp/Base.lproj/Main.storyboard; sourceTree = "<group>"; };
		CACF56F81C7F54330083C0B1 /* Assets.bundle */ = {isa = PBXFileReference; lastKnownFileType = "wrapper.plug-in"; path = Assets.bundle; sourceTree = "<group>"; };
		CACF56F91C7F54330083C0B1 /* YTPlayerView.h */ = {isa = PBXFileReference; fileEncoding = 4; lastKnownFileType = sourcecode.c.h; path = YTPlayerView.h; sourceTree = "<group>"; };
		CACF56FA1C7F54330083C0B1 /* YTPlayerView.m */ = {isa = PBXFileReference; fileEncoding = 4; lastKnownFileType = sourcecode.c.objc; path = YTPlayerView.m; sourceTree = "<group>"; };
		CACF56FE1C7F54DC0083C0B1 /* ExperimentItemViewController.h */ = {isa = PBXFileReference; fileEncoding = 4; lastKnownFileType = sourcecode.c.h; path = ExperimentItemViewController.h; sourceTree = "<group>"; };
		CACF56FF1C7F54DC0083C0B1 /* ExperimentItemViewController.m */ = {isa = PBXFileReference; fileEncoding = 4; lastKnownFileType = sourcecode.c.objc; path = ExperimentItemViewController.m; sourceTree = "<group>"; };
		CACF57021C7F5D140083C0B1 /* Fabric.framework */ = {isa = PBXFileReference; lastKnownFileType = wrapper.framework; path = Fabric.framework; sourceTree = SOURCE_ROOT; };
		CACF57031C7F5D140083C0B1 /* TwitterKit.framework */ = {isa = PBXFileReference; lastKnownFileType = wrapper.framework; path = TwitterKit.framework; sourceTree = SOURCE_ROOT; };
		CACF57041C7F5D140083C0B1 /* TwitterKitResources.bundle */ = {isa = PBXFileReference; lastKnownFileType = "wrapper.plug-in"; name = TwitterKitResources.bundle; path = TwitterKit.framework/Versions/A/Resources/TwitterKitResources.bundle; sourceTree = SOURCE_ROOT; };
		CACF57051C7F5D140083C0B1 /* TwitterCore.framework */ = {isa = PBXFileReference; lastKnownFileType = wrapper.framework; path = TwitterCore.framework; sourceTree = SOURCE_ROOT; };
		CACF570E1C7F5E850083C0B1 /* libc++.tbd */ = {isa = PBXFileReference; lastKnownFileType = "sourcecode.text-based-dylib-definition"; name = "libc++.tbd"; path = "usr/lib/libc++.tbd"; sourceTree = SDKROOT; };
		CACF57101C7F5E910083C0B1 /* libz.tbd */ = {isa = PBXFileReference; lastKnownFileType = "sourcecode.text-based-dylib-definition"; name = libz.tbd; path = usr/lib/libz.tbd; sourceTree = SDKROOT; };
		CACF57121C7F5EC70083C0B1 /* Security.framework */ = {isa = PBXFileReference; lastKnownFileType = wrapper.framework; name = Security.framework; path = System/Library/Frameworks/Security.framework; sourceTree = SDKROOT; };
		CACF57141C7F5EDF0083C0B1 /* SystemConfiguration.framework */ = {isa = PBXFileReference; lastKnownFileType = wrapper.framework; name = SystemConfiguration.framework; path = System/Library/Frameworks/SystemConfiguration.framework; sourceTree = SDKROOT; };
		CACF57161C7F5F030083C0B1 /* Twitter.framework */ = {isa = PBXFileReference; lastKnownFileType = wrapper.framework; name = Twitter.framework; path = System/Library/Frameworks/Twitter.framework; sourceTree = SDKROOT; };
		CACF57181C7F5F240083C0B1 /* CoreData.framework */ = {isa = PBXFileReference; lastKnownFileType = wrapper.framework; name = CoreData.framework; path = System/Library/Frameworks/CoreData.framework; sourceTree = SDKROOT; };
		CACF571A1C7F5F4E0083C0B1 /* Social.framework */ = {isa = PBXFileReference; lastKnownFileType = wrapper.framework; name = Social.framework; path = System/Library/Frameworks/Social.framework; sourceTree = SDKROOT; };
		CACF571C1C7F5F530083C0B1 /* Accounts.framework */ = {isa = PBXFileReference; lastKnownFileType = wrapper.framework; name = Accounts.framework; path = System/Library/Frameworks/Accounts.framework; sourceTree = SDKROOT; };
		CACF57211C7F61480083C0B1 /* CoreText.framework */ = {isa = PBXFileReference; lastKnownFileType = wrapper.framework; name = CoreText.framework; path = System/Library/Frameworks/CoreText.framework; sourceTree = SDKROOT; };
/* End PBXFileReference section */

/* Begin PBXFrameworksBuildPhase section */
		CAC424E21C77633E00FAC9B2 /* Frameworks */ = {
			isa = PBXFrameworksBuildPhase;
			buildActionMask = 2147483647;
			files = (
				CACF57221C7F61480083C0B1 /* CoreText.framework in Frameworks */,
				CACF571D1C7F5F530083C0B1 /* Accounts.framework in Frameworks */,
				CACF571B1C7F5F4E0083C0B1 /* Social.framework in Frameworks */,
				CACF57191C7F5F240083C0B1 /* CoreData.framework in Frameworks */,
				CACF57151C7F5EDF0083C0B1 /* SystemConfiguration.framework in Frameworks */,
				CACF57131C7F5EC70083C0B1 /* Security.framework in Frameworks */,
				CACF57111C7F5E910083C0B1 /* libz.tbd in Frameworks */,
				CACF570F1C7F5E850083C0B1 /* libc++.tbd in Frameworks */,
				CA8D64721C7E2E0C004B6D80 /* QuartzCore.framework in Frameworks */,
				CA8D64701C7E2E06004B6D80 /* CoreMedia.framework in Frameworks */,
				CA8D646E1C7E2DFF004B6D80 /* CoreVideo.framework in Frameworks */,
				CA8D646C1C7E2DF9004B6D80 /* CoreImage.framework in Frameworks */,
				CA8D646A1C7E2DF2004B6D80 /* AVFoundation.framework in Frameworks */,
				CA8D64681C7E2DEC004B6D80 /* AssetsLibrary.framework in Frameworks */,
				CA8D64661C7E2DE7004B6D80 /* Foundation.framework in Frameworks */,
				CA8D64641C7E2DDE004B6D80 /* CoreGraphics.framework in Frameworks */,
				CACF57061C7F5D140083C0B1 /* Fabric.framework in Frameworks */,
				CA8D64621C7E2DD5004B6D80 /* ImageIO.framework in Frameworks */,
				CACF57091C7F5D140083C0B1 /* TwitterCore.framework in Frameworks */,
				CA8D64601C7E2DCF004B6D80 /* UIKit.framework in Frameworks */,
				CA8D645E1C7E2DC8004B6D80 /* Accelerate.framework in Frameworks */,
				CA8D645A1C7E2D36004B6D80 /* opencv2.framework in Frameworks */,
				CACF57071C7F5D140083C0B1 /* TwitterKit.framework in Frameworks */,
			);
			runOnlyForDeploymentPostprocessing = 0;
		};
/* End PBXFrameworksBuildPhase section */

/* Begin PBXGroup section */
		CA8D64211C7E2B41004B6D80 /* FaceTracker Library */ = {
			isa = PBXGroup;
			children = (
				CA8D64291C7E2C04004B6D80 /* CLM.cc */,
				CA8D642A1C7E2C04004B6D80 /* CLM.h */,
				CA8D642B1C7E2C04004B6D80 /* FCheck.cc */,
				CA8D642C1C7E2C04004B6D80 /* FCheck.h */,
				CA8D642D1C7E2C04004B6D80 /* FDet.cc */,
				CA8D642E1C7E2C04004B6D80 /* FDet.h */,
				CA8D642F1C7E2C04004B6D80 /* IO.cc */,
				CA8D64301C7E2C04004B6D80 /* IO.h */,
				CA8D64311C7E2C04004B6D80 /* Patch.cc */,
				CA8D64321C7E2C04004B6D80 /* Patch.h */,
				CA8D64331C7E2C04004B6D80 /* PAW.cc */,
				CA8D64341C7E2C04004B6D80 /* PAW.h */,
				CA8D64351C7E2C04004B6D80 /* PDM.cc */,
				CA8D64361C7E2C04004B6D80 /* PDM.h */,
				CA8D64371C7E2C04004B6D80 /* Tracker.cc */,
				CA8D64381C7E2C04004B6D80 /* Tracker.h */,
			);
			name = "FaceTracker Library";
			sourceTree = "<group>";
		};
		CA8D64221C7E2B55004B6D80 /* Tracking Model Files */ = {
			isa = PBXGroup;
			children = (
				CA8D64451C7E2C76004B6D80 /* face.con */,
				CA8D64461C7E2C76004B6D80 /* face.tracker */,
				CA8D64471C7E2C76004B6D80 /* face.tri */,
				CA8D64481C7E2C76004B6D80 /* face2.tracker */,
			);
			name = "Tracking Model Files";
			sourceTree = "<group>";
		};
		CA8D64241C7E2B71004B6D80 /* SVM */ = {
			isa = PBXGroup;
			children = (
				CA8D644D1C7E2C87004B6D80 /* svm.cpp */,
				CA8D644E1C7E2C87004B6D80 /* svm.h */,
				CA8D64251C7E2B76004B6D80 /* Classifier */,
			);
			name = SVM;
			sourceTree = "<group>";
		};
		CA8D64251C7E2B76004B6D80 /* Classifier */ = {
			isa = PBXGroup;
			children = (
				CA8D64411C7E2C1A004B6D80 /* emotions.train.pca.model */,
				CA8D64421C7E2C1A004B6D80 /* emotions.train.pca.range */,
			);
			name = Classifier;
			sourceTree = "<group>";
		};
		CA8D64261C7E2B81004B6D80 /* Frameworks */ = {
			isa = PBXGroup;
			children = (
				CACF57211C7F61480083C0B1 /* CoreText.framework */,
				CACF57121C7F5EC70083C0B1 /* Security.framework */,
				CACF57141C7F5EDF0083C0B1 /* SystemConfiguration.framework */,
				CACF57161C7F5F030083C0B1 /* Twitter.framework */,
				CACF57181C7F5F240083C0B1 /* CoreData.framework */,
				CACF571A1C7F5F4E0083C0B1 /* Social.framework */,
				CACF571C1C7F5F530083C0B1 /* Accounts.framework */,
				CACF570E1C7F5E850083C0B1 /* libc++.tbd */,
				CACF57101C7F5E910083C0B1 /* libz.tbd */,
				CACF57041C7F5D140083C0B1 /* TwitterKitResources.bundle */,
				CACF57051C7F5D140083C0B1 /* TwitterCore.framework */,
				CACF57021C7F5D140083C0B1 /* Fabric.framework */,
				CACF57031C7F5D140083C0B1 /* TwitterKit.framework */,
				CA8D64711C7E2E0C004B6D80 /* QuartzCore.framework */,
				CA8D646F1C7E2E06004B6D80 /* CoreMedia.framework */,
				CA8D646D1C7E2DFF004B6D80 /* CoreVideo.framework */,
				CA8D646B1C7E2DF9004B6D80 /* CoreImage.framework */,
				CA8D64691C7E2DF2004B6D80 /* AVFoundation.framework */,
				CA8D64671C7E2DEC004B6D80 /* AssetsLibrary.framework */,
				CA8D64651C7E2DE7004B6D80 /* Foundation.framework */,
				CA8D64631C7E2DDE004B6D80 /* CoreGraphics.framework */,
				CA8D64611C7E2DD5004B6D80 /* ImageIO.framework */,
				CA8D645F1C7E2DCF004B6D80 /* UIKit.framework */,
				CA8D645D1C7E2DC8004B6D80 /* Accelerate.framework */,
				CA8D64591C7E2D36004B6D80 /* opencv2.framework */,
			);
			name = Frameworks;
			sourceTree = "<group>";
		};
		CA8D64281C7E2BA4004B6D80 /* App */ = {
			isa = PBXGroup;
			children = (
				CACF56FD1C7F54430083C0B1 /* YouTube Helper */,
				CA8D645C1C7E2D65004B6D80 /* Experiment Model */,
				CA8D645B1C7E2D51004B6D80 /* View Controllers */,
				CA8D64261C7E2B81004B6D80 /* Frameworks */,
				CAC424E81C77633E00FAC9B2 /* Supporting Files */,
				CA8D64561C7E2D13004B6D80 /* imageConversion.h */,
				CA8D64571C7E2D13004B6D80 /* imageConversion.mm */,
				CA8D64501C7E2CCE004B6D80 /* svmWrapper.h */,
				CA8D64511C7E2CCE004B6D80 /* svmWrapper.mm */,
				CA8D64521C7E2CCE004B6D80 /* trackerWrapper.h */,
				CA8D64531C7E2CCE004B6D80 /* trackerWrapper.mm */,
				CAC424EB1C77633E00FAC9B2 /* AppDelegate.h */,
				CAC424F91C77633E00FAC9B2 /* Info.plist */,
				CAC424F61C77633E00FAC9B2 /* LaunchScreen.storyboard */,
				CACF56F51C7F125B0083C0B1 /* Main.storyboard */,
				CAC424EC1C77633E00FAC9B2 /* AppDelegate.m */,
				CAC424F41C77633E00FAC9B2 /* Assets.xcassets */,
			);
			name = App;
			sourceTree = "<group>";
		};
		CA8D645B1C7E2D51004B6D80 /* View Controllers */ = {
			isa = PBXGroup;
			children = (
				CACF56FE1C7F54DC0083C0B1 /* ExperimentItemViewController.h */,
				CACF56FF1C7F54DC0083C0B1 /* ExperimentItemViewController.m */,
				CA8D64761C7E2FBD004B6D80 /* TrackingPreviewViewController.h */,
				CA8D64771C7E2FBD004B6D80 /* TrackingPreviewViewController.m */,
				CAC425071C77693800FAC9B2 /* QRCodeReaderController.h */,
				CAC425081C77693800FAC9B2 /* QRCodeReaderController.m */,
				CAC424EE1C77633E00FAC9B2 /* HomeViewController.h */,
				CAC424EF1C77633E00FAC9B2 /* HomeViewController.m */,
				CAC4250A1C776FC300FAC9B2 /* ExperimentSummaryController.h */,
				CAC4250B1C776FC300FAC9B2 /* ExperimentSummaryController.m */,
			);
			name = "View Controllers";
			sourceTree = "<group>";
		};
		CA8D645C1C7E2D65004B6D80 /* Experiment Model */ = {
			isa = PBXGroup;
			children = (
				CA7DFD221C7B3FE100DAD5BC /* Experiment.h */,
				CA7DFD231C7B3FE100DAD5BC /* Experiment.m */,
			);
			name = "Experiment Model";
			sourceTree = "<group>";
		};
		CAC424DC1C77633E00FAC9B2 = {
			isa = PBXGroup;
			children = (
				CAC424E71C77633E00FAC9B2 /* ExperimentsiOSApp */,
				CAC424E61C77633E00FAC9B2 /* Products */,
			);
			sourceTree = "<group>";
		};
		CAC424E61C77633E00FAC9B2 /* Products */ = {
			isa = PBXGroup;
			children = (
				CAC424E51C77633E00FAC9B2 /* EmotiveWeb.app */,
			);
			name = Products;
			sourceTree = "<group>";
		};
		CAC424E71C77633E00FAC9B2 /* ExperimentsiOSApp */ = {
			isa = PBXGroup;
			children = (
				CA8D64211C7E2B41004B6D80 /* FaceTracker Library */,
				CA8D64221C7E2B55004B6D80 /* Tracking Model Files */,
				CA8D64241C7E2B71004B6D80 /* SVM */,
				CA8D64281C7E2BA4004B6D80 /* App */,
			);
			path = ExperimentsiOSApp;
			sourceTree = "<group>";
		};
		CAC424E81C77633E00FAC9B2 /* Supporting Files */ = {
			isa = PBXGroup;
			children = (
				CAC424E91C77633E00FAC9B2 /* main.m */,
			);
			name = "Supporting Files";
			sourceTree = "<group>";
		};
		CACF56FD1C7F54430083C0B1 /* YouTube Helper */ = {
			isa = PBXGroup;
			children = (
				CACF56F81C7F54330083C0B1 /* Assets.bundle */,
				CACF56F91C7F54330083C0B1 /* YTPlayerView.h */,
				CACF56FA1C7F54330083C0B1 /* YTPlayerView.m */,
			);
			name = "YouTube Helper";
			sourceTree = "<group>";
		};
/* End PBXGroup section */

/* Begin PBXNativeTarget section */
		CAC424E41C77633E00FAC9B2 /* ExperimentsiOSApp */ = {
			isa = PBXNativeTarget;
			buildConfigurationList = CAC424FC1C77633E00FAC9B2 /* Build configuration list for PBXNativeTarget "ExperimentsiOSApp" */;
			buildPhases = (
				CAC424E11C77633E00FAC9B2 /* Sources */,
				CAC424E21C77633E00FAC9B2 /* Frameworks */,
				CAC424E31C77633E00FAC9B2 /* Resources */,
				CACF57011C7F5CC90083C0B1 /* ShellScript */,
			);
			buildRules = (
			);
			dependencies = (
			);
			name = ExperimentsiOSApp;
			productName = ExperimentsiOSApp;
			productReference = CAC424E51C77633E00FAC9B2 /* EmotiveWeb.app */;
			productType = "com.apple.product-type.application";
		};
/* End PBXNativeTarget section */

/* Begin PBXProject section */
		CAC424DD1C77633E00FAC9B2 /* Project object */ = {
			isa = PBXProject;
			attributes = {
				LastUpgradeCheck = 0720;
				ORGANIZATIONNAME = "Matthew Jones";
				TargetAttributes = {
					CAC424E41C77633E00FAC9B2 = {
						CreatedOnToolsVersion = 7.2;
					};
				};
			};
			buildConfigurationList = CAC424E01C77633E00FAC9B2 /* Build configuration list for PBXProject "ExperimentsiOSApp" */;
			compatibilityVersion = "Xcode 3.2";
			developmentRegion = English;
			hasScannedForEncodings = 0;
			knownRegions = (
				en,
				Base,
			);
			mainGroup = CAC424DC1C77633E00FAC9B2;
			productRefGroup = CAC424E61C77633E00FAC9B2 /* Products */;
			projectDirPath = "";
			projectRoot = "";
			targets = (
				CAC424E41C77633E00FAC9B2 /* ExperimentsiOSApp */,
			);
		};
/* End PBXProject section */

/* Begin PBXResourcesBuildPhase section */
		CAC424E31C77633E00FAC9B2 /* Resources */ = {
			isa = PBXResourcesBuildPhase;
			buildActionMask = 2147483647;
			files = (
				CACF56FB1C7F54330083C0B1 /* Assets.bundle in Resources */,
				CA8D64441C7E2C1A004B6D80 /* emotions.train.pca.range in Resources */,
				CAC424F81C77633E00FAC9B2 /* LaunchScreen.storyboard in Resources */,
				CAC424F51C77633E00FAC9B2 /* Assets.xcassets in Resources */,
				CA8D64491C7E2C76004B6D80 /* face.con in Resources */,
				CA8D644B1C7E2C76004B6D80 /* face.tri in Resources */,
				CA8D644C1C7E2C76004B6D80 /* face2.tracker in Resources */,
				CACF56F71C7F125B0083C0B1 /* Main.storyboard in Resources */,
				CACF57081C7F5D140083C0B1 /* TwitterKitResources.bundle in Resources */,
				CA8D644A1C7E2C76004B6D80 /* face.tracker in Resources */,
				CA8D64431C7E2C1A004B6D80 /* emotions.train.pca.model in Resources */,
			);
			runOnlyForDeploymentPostprocessing = 0;
		};
/* End PBXResourcesBuildPhase section */

/* Begin PBXShellScriptBuildPhase section */
		CACF57011C7F5CC90083C0B1 /* ShellScript */ = {
			isa = PBXShellScriptBuildPhase;
			buildActionMask = 2147483647;
			files = (
			);
			inputPaths = (
			);
			outputPaths = (
			);
			runOnlyForDeploymentPostprocessing = 0;
			shellPath = /bin/sh;
			shellScript = "./Fabric.framework/run f42cfc65a85b4069b4c0b3625318b59662d20707 c141fc23f3c8f1f09bd6635b20d094ce4e2c26b7f5d73ee4b5420c1d58493708";
		};
/* End PBXShellScriptBuildPhase section */

/* Begin PBXSourcesBuildPhase section */
		CAC424E11C77633E00FAC9B2 /* Sources */ = {
			isa = PBXSourcesBuildPhase;
			buildActionMask = 2147483647;
			files = (
				CA8D644F1C7E2C87004B6D80 /* svm.cpp in Sources */,
				CA8D643F1C7E2C05004B6D80 /* PDM.cc in Sources */,
				CA8D643B1C7E2C05004B6D80 /* FDet.cc in Sources */,
				CA7DFD241C7B3FE100DAD5BC /* Experiment.m in Sources */,
				CA8D643E1C7E2C05004B6D80 /* PAW.cc in Sources */,
				CA8D64781C7E2FBD004B6D80 /* TrackingPreviewViewController.m in Sources */,
				CA8D643A1C7E2C05004B6D80 /* FCheck.cc in Sources */,
				CA8D643C1C7E2C05004B6D80 /* IO.cc in Sources */,
				CA8D64581C7E2D13004B6D80 /* imageConversion.mm in Sources */,
				CAC425091C77693800FAC9B2 /* QRCodeReaderController.m in Sources */,
				CAC424F01C77633E00FAC9B2 /* HomeViewController.m in Sources */,
				CA8D64401C7E2C05004B6D80 /* Tracker.cc in Sources */,
				CA8D643D1C7E2C05004B6D80 /* Patch.cc in Sources */,
				CA8D64391C7E2C05004B6D80 /* CLM.cc in Sources */,
				CA8D64541C7E2CCE004B6D80 /* svmWrapper.mm in Sources */,
				CACF57001C7F54DC0083C0B1 /* ExperimentItemViewController.m in Sources */,
				CAC4250C1C776FC300FAC9B2 /* ExperimentSummaryController.m in Sources */,
				CAC424ED1C77633E00FAC9B2 /* AppDelegate.m in Sources */,
				CAC424EA1C77633E00FAC9B2 /* main.m in Sources */,
				CACF56FC1C7F54330083C0B1 /* YTPlayerView.m in Sources */,
				CA8D64551C7E2CCE004B6D80 /* trackerWrapper.mm in Sources */,
			);
			runOnlyForDeploymentPostprocessing = 0;
		};
/* End PBXSourcesBuildPhase section */

/* Begin PBXVariantGroup section */
		CAC424F61C77633E00FAC9B2 /* LaunchScreen.storyboard */ = {
			isa = PBXVariantGroup;
			children = (
				CAC424F71C77633E00FAC9B2 /* Base */,
			);
			name = LaunchScreen.storyboard;
			sourceTree = "<group>";
		};
		CACF56F51C7F125B0083C0B1 /* Main.storyboard */ = {
			isa = PBXVariantGroup;
			children = (
				CACF56F61C7F125B0083C0B1 /* Base */,
			);
			name = Main.storyboard;
			path = ..;
			sourceTree = "<group>";
		};
/* End PBXVariantGroup section */

/* Begin XCBuildConfiguration section */
		CAC424FA1C77633E00FAC9B2 /* Debug */ = {
			isa = XCBuildConfiguration;
			buildSettings = {
				ALWAYS_SEARCH_USER_PATHS = NO;
				CLANG_CXX_LANGUAGE_STANDARD = "gnu++0x";
				CLANG_CXX_LIBRARY = "libc++";
				CLANG_ENABLE_MODULES = YES;
				CLANG_ENABLE_OBJC_ARC = YES;
				CLANG_WARN_BOOL_CONVERSION = YES;
				CLANG_WARN_CONSTANT_CONVERSION = YES;
				CLANG_WARN_DIRECT_OBJC_ISA_USAGE = YES_ERROR;
				CLANG_WARN_EMPTY_BODY = YES;
				CLANG_WARN_ENUM_CONVERSION = YES;
				CLANG_WARN_INT_CONVERSION = YES;
				CLANG_WARN_OBJC_ROOT_CLASS = YES_ERROR;
				CLANG_WARN_UNREACHABLE_CODE = YES;
				CLANG_WARN__DUPLICATE_METHOD_MATCH = YES;
				"CODE_SIGN_IDENTITY[sdk=iphoneos*]" = "iPhone Developer";
				COPY_PHASE_STRIP = NO;
				DEBUG_INFORMATION_FORMAT = dwarf;
				ENABLE_STRICT_OBJC_MSGSEND = YES;
				ENABLE_TESTABILITY = YES;
				GCC_C_LANGUAGE_STANDARD = gnu99;
				GCC_DYNAMIC_NO_PIC = NO;
				GCC_NO_COMMON_BLOCKS = YES;
				GCC_OPTIMIZATION_LEVEL = 0;
				GCC_PREPROCESSOR_DEFINITIONS = (
					"DEBUG=1",
					"$(inherited)",
				);
				GCC_WARN_64_TO_32_BIT_CONVERSION = YES;
				GCC_WARN_ABOUT_RETURN_TYPE = YES_ERROR;
				GCC_WARN_UNDECLARED_SELECTOR = YES;
				GCC_WARN_UNINITIALIZED_AUTOS = YES_AGGRESSIVE;
				GCC_WARN_UNUSED_FUNCTION = YES;
				GCC_WARN_UNUSED_VARIABLE = YES;
				IPHONEOS_DEPLOYMENT_TARGET = 9.2;
				MTL_ENABLE_DEBUG_INFO = YES;
				ONLY_ACTIVE_ARCH = YES;
				SDKROOT = iphoneos;
				TARGETED_DEVICE_FAMILY = "1,2";
			};
			name = Debug;
		};
		CAC424FB1C77633E00FAC9B2 /* Release */ = {
			isa = XCBuildConfiguration;
			buildSettings = {
				ALWAYS_SEARCH_USER_PATHS = NO;
				CLANG_CXX_LANGUAGE_STANDARD = "gnu++0x";
				CLANG_CXX_LIBRARY = "libc++";
				CLANG_ENABLE_MODULES = YES;
				CLANG_ENABLE_OBJC_ARC = YES;
				CLANG_WARN_BOOL_CONVERSION = YES;
				CLANG_WARN_CONSTANT_CONVERSION = YES;
				CLANG_WARN_DIRECT_OBJC_ISA_USAGE = YES_ERROR;
				CLANG_WARN_EMPTY_BODY = YES;
				CLANG_WARN_ENUM_CONVERSION = YES;
				CLANG_WARN_INT_CONVERSION = YES;
				CLANG_WARN_OBJC_ROOT_CLASS = YES_ERROR;
				CLANG_WARN_UNREACHABLE_CODE = YES;
				CLANG_WARN__DUPLICATE_METHOD_MATCH = YES;
				"CODE_SIGN_IDENTITY[sdk=iphoneos*]" = "iPhone Developer";
				COPY_PHASE_STRIP = NO;
				DEBUG_INFORMATION_FORMAT = "dwarf-with-dsym";
				ENABLE_NS_ASSERTIONS = NO;
				ENABLE_STRICT_OBJC_MSGSEND = YES;
				GCC_C_LANGUAGE_STANDARD = gnu99;
				GCC_NO_COMMON_BLOCKS = YES;
				GCC_WARN_64_TO_32_BIT_CONVERSION = YES;
				GCC_WARN_ABOUT_RETURN_TYPE = YES_ERROR;
				GCC_WARN_UNDECLARED_SELECTOR = YES;
				GCC_WARN_UNINITIALIZED_AUTOS = YES_AGGRESSIVE;
				GCC_WARN_UNUSED_FUNCTION = YES;
				GCC_WARN_UNUSED_VARIABLE = YES;
				IPHONEOS_DEPLOYMENT_TARGET = 9.2;
				MTL_ENABLE_DEBUG_INFO = NO;
				SDKROOT = iphoneos;
				TARGETED_DEVICE_FAMILY = "1,2";
				VALIDATE_PRODUCT = YES;
			};
			name = Release;
		};
		CAC424FD1C77633E00FAC9B2 /* Debug */ = {
			isa = XCBuildConfiguration;
			buildSettings = {
				ASSETCATALOG_COMPILER_APPICON_NAME = AppIcon;
				ENABLE_BITCODE = NO;
				FRAMEWORK_SEARCH_PATHS = (
					"$(inherited)",
					"$(PROJECT_DIR)",
				);
				GCC_INPUT_FILETYPE = sourcecode.cpp.objcpp;
				INFOPLIST_FILE = ExperimentsiOSApp/Info.plist;
				LD_RUNPATH_SEARCH_PATHS = "$(inherited) @executable_path/Frameworks";
				PRODUCT_BUNDLE_IDENTIFIER = com.mrhysjones.ExperimentsiOSApp;
				PRODUCT_NAME = EmotiveWeb;
			};
			name = Debug;
		};
		CAC424FE1C77633E00FAC9B2 /* Release */ = {
			isa = XCBuildConfiguration;
			buildSettings = {
				ASSETCATALOG_COMPILER_APPICON_NAME = AppIcon;
				ENABLE_BITCODE = NO;
				FRAMEWORK_SEARCH_PATHS = (
					"$(inherited)",
					"$(PROJECT_DIR)",
				);
				GCC_INPUT_FILETYPE = sourcecode.cpp.objcpp;
				INFOPLIST_FILE = ExperimentsiOSApp/Info.plist;
				LD_RUNPATH_SEARCH_PATHS = "$(inherited) @executable_path/Frameworks";
				PRODUCT_BUNDLE_IDENTIFIER = com.mrhysjones.ExperimentsiOSApp;
				PRODUCT_NAME = EmotiveWeb;
			};
			name = Release;
		};
/* End XCBuildConfiguration section */

/* Begin XCConfigurationList section */
		CAC424E01C77633E00FAC9B2 /* Build configuration list for PBXProject "ExperimentsiOSApp" */ = {
			isa = XCConfigurationList;
			buildConfigurations = (
				CAC424FA1C77633E00FAC9B2 /* Debug */,
				CAC424FB1C77633E00FAC9B2 /* Release */,
			);
			defaultConfigurationIsVisible = 0;
			defaultConfigurationName = Release;
		};
		CAC424FC1C77633E00FAC9B2 /* Build configuration list for PBXNativeTarget "ExperimentsiOSApp" */ = {
			isa = XCConfigurationList;
			buildConfigurations = (
				CAC424FD1C77633E00FAC9B2 /* Debug */,
				CAC424FE1C77633E00FAC9B2 /* Release */,
			);
			defaultConfigurationIsVisible = 0;
			defaultConfigurationName = Release;
		};
/* End XCConfigurationList section */
	};
	rootObject = CAC424DD1C77633E00FAC9B2 /* Project object */;
}
